
Microsoft Visual Studio Solution File, Format Version 12.00
# Visual Studio Version 17
VisualStudioVersion = 17.1.32228.430
MinimumVisualStudioVersion = 10.0.40219.1
Project("{2150E333-8FDC-42A3-9474-1A3956D46DE8}") = "User", "User", "{2A907675-9FF8-48BE-BF48-1B40127F346A}"
EndProject
Project("{2150E333-8FDC-42A3-9474-1A3956D46DE8}") = "Domain", "Domain", "{236DB0F9-FD22-45FD-82E0-413E6CE5F290}"
EndProject
Project("{2150E333-8FDC-42A3-9474-1A3956D46DE8}") = "Infrastructure", "Infrastructure", "{12B92464-422F-4F5E-BF53-BC91FD02C055}"
EndProject
Project("{9A19103F-16F7-4668-BE54-9A1E7A4F7556}") = "BP.ShoppingTracker.Persistence", "Infrastructure\BP.ShoppingTracker.Persistence\BP.ShoppingTracker.Persistence.csproj", "{6A07C00F-3EFD-49EE-8D96-E2F3F8B2E0B6}"
EndProject
Project("{9A19103F-16F7-4668-BE54-9A1E7A4F7556}") = "BP.ShoppingTracker.Models", "Domain\BP.ShoppingTracker.Models\BP.ShoppingTracker.Models.csproj", "{51AD920F-E5F4-4B84-97F9-5DEEC44E6546}"
EndProject
Project("{9A19103F-16F7-4668-BE54-9A1E7A4F7556}") = "BP.ShoppingTracker.Adaptables", "Domain\BP.ShoppingTracker.Adaptables\BP.ShoppingTracker.Adaptables.csproj", "{FB991EFA-FC4A-4F29-B962-2A51C289B348}"
EndProject
Project("{9A19103F-16F7-4668-BE54-9A1E7A4F7556}") = "BP.ShoppingTracker.DataService", "Infrastructure\BP.ShoppingTracker.DataService\BP.ShoppingTracker.DataService.csproj", "{4055F7BF-25A4-4A88-B43C-891162B86DA0}"
EndProject
Project("{9A19103F-16F7-4668-BE54-9A1E7A4F7556}") = "BP.ShoppingTracker.Generator", "User\BP.ShoppingTracker.Generator\BP.ShoppingTracker.Generator.csproj", "{A735F11E-F5FC-4122-933A-1687FBD9D618}"
EndProject
Project("{9A19103F-16F7-4668-BE54-9A1E7A4F7556}") = "BP.ShoppingTracker.IoC.Generator", "BP.ShoppingTracker.IoC.Generator\BP.ShoppingTracker.IoC.Generator.csproj", "{3A9E12C1-261A-4FB1-A9C3-2B03DA02B1D5}"
EndProject
Project("{9A19103F-16F7-4668-BE54-9A1E7A4F7556}") = "BP.ShoppingTracker.Adapters.Generator", "Infrastructure\BP.ShoppingTracker.Generator\BP.ShoppingTracker.Adapters.Generator.csproj", "{AC1AE5DD-F221-4CE0-B3D6-B9CE33C2A369}"
EndProject
Project("{9A19103F-16F7-4668-BE54-9A1E7A4F7556}") = "BP.ShoppingTracker.Client", "User\BP.ShoppingTracker.Client\BP.ShoppingTracker.Client.csproj", "{AAD21DE8-CC27-46B7-A987-54D7A82F370A}"
EndProject
Project("{9A19103F-16F7-4668-BE54-9A1E7A4F7556}") = "BP.ShoppingTracker.Server", "User\BP.ShoppingTracker.Server\BP.ShoppingTracker.Server.csproj", "{1013A85C-5418-42B2-81D3-7B426B20C6C8}"
EndProject
Project("{9A19103F-16F7-4668-BE54-9A1E7A4F7556}") = "BP.ShoppingTracker.IoC.Server", "User\BP.ShoppingTracker.IoC.Server\BP.ShoppingTracker.IoC.Server.csproj", "{744B9A7A-8021-4D5C-BE77-E931CE459C41}"
EndProject
Project("{2150E333-8FDC-42A3-9474-1A3956D46DE8}") = "Components", "Components", "{0B6F5C94-4516-4CE1-9E7E-A443DC5D9D24}"
EndProject
Project("{9A19103F-16F7-4668-BE54-9A1E7A4F7556}") = "BP.Components.RepositoryClient", "Components\Components\BP.Components.RepositoryClient\BP.Components.RepositoryClient.csproj", "{A9F2A766-2791-4F83-95DB-835F42A84B86}"
EndProject
Project("{9A19103F-16F7-4668-BE54-9A1E7A4F7556}") = "BP.Components.Blazor.UI", "Components\Blazor\BP.Components.Blazor.UI\BP.Components.Blazor.UI.csproj", "{D4803F65-7933-4598-BCEA-263007F06F35}"
EndProject
Global
	GlobalSection(SolutionConfigurationPlatforms) = preSolution
		Debug|Any CPU = Debug|Any CPU
		Release|Any CPU = Release|Any CPU
	EndGlobalSection
	GlobalSection(ProjectConfigurationPlatforms) = postSolution
		{6A07C00F-3EFD-49EE-8D96-E2F3F8B2E0B6}.Debug|Any CPU.ActiveCfg = Debug|Any CPU
		{6A07C00F-3EFD-49EE-8D96-E2F3F8B2E0B6}.Debug|Any CPU.Build.0 = Debug|Any CPU
		{6A07C00F-3EFD-49EE-8D96-E2F3F8B2E0B6}.Release|Any CPU.ActiveCfg = Release|Any CPU
		{6A07C00F-3EFD-49EE-8D96-E2F3F8B2E0B6}.Release|Any CPU.Build.0 = Release|Any CPU
		{51AD920F-E5F4-4B84-97F9-5DEEC44E6546}.Debug|Any CPU.ActiveCfg = Debug|Any CPU
		{51AD920F-E5F4-4B84-97F9-5DEEC44E6546}.Debug|Any CPU.Build.0 = Debug|Any CPU
		{51AD920F-E5F4-4B84-97F9-5DEEC44E6546}.Release|Any CPU.ActiveCfg = Release|Any CPU
		{51AD920F-E5F4-4B84-97F9-5DEEC44E6546}.Release|Any CPU.Build.0 = Release|Any CPU
		{FB991EFA-FC4A-4F29-B962-2A51C289B348}.Debug|Any CPU.ActiveCfg = Debug|Any CPU
		{FB991EFA-FC4A-4F29-B962-2A51C289B348}.Debug|Any CPU.Build.0 = Debug|Any CPU
		{FB991EFA-FC4A-4F29-B962-2A51C289B348}.Release|Any CPU.ActiveCfg = Release|Any CPU
		{FB991EFA-FC4A-4F29-B962-2A51C289B348}.Release|Any CPU.Build.0 = Release|Any CPU
		{4055F7BF-25A4-4A88-B43C-891162B86DA0}.Debug|Any CPU.ActiveCfg = Debug|Any CPU
		{4055F7BF-25A4-4A88-B43C-891162B86DA0}.Debug|Any CPU.Build.0 = Debug|Any CPU
		{4055F7BF-25A4-4A88-B43C-891162B86DA0}.Release|Any CPU.ActiveCfg = Release|Any CPU
		{4055F7BF-25A4-4A88-B43C-891162B86DA0}.Release|Any CPU.Build.0 = Release|Any CPU
		{A735F11E-F5FC-4122-933A-1687FBD9D618}.Debug|Any CPU.ActiveCfg = Debug|Any CPU
		{A735F11E-F5FC-4122-933A-1687FBD9D618}.Debug|Any CPU.Build.0 = Debug|Any CPU
		{A735F11E-F5FC-4122-933A-1687FBD9D618}.Release|Any CPU.ActiveCfg = Release|Any CPU
		{A735F11E-F5FC-4122-933A-1687FBD9D618}.Release|Any CPU.Build.0 = Release|Any CPU
		{3A9E12C1-261A-4FB1-A9C3-2B03DA02B1D5}.Debug|Any CPU.ActiveCfg = Debug|Any CPU
		{3A9E12C1-261A-4FB1-A9C3-2B03DA02B1D5}.Debug|Any CPU.Build.0 = Debug|Any CPU
		{3A9E12C1-261A-4FB1-A9C3-2B03DA02B1D5}.Release|Any CPU.ActiveCfg = Release|Any CPU
		{3A9E12C1-261A-4FB1-A9C3-2B03DA02B1D5}.Release|Any CPU.Build.0 = Release|Any CPU
		{AC1AE5DD-F221-4CE0-B3D6-B9CE33C2A369}.Debug|Any CPU.ActiveCfg = Debug|Any CPU
		{AC1AE5DD-F221-4CE0-B3D6-B9CE33C2A369}.Debug|Any CPU.Build.0 = Debug|Any CPU
		{AC1AE5DD-F221-4CE0-B3D6-B9CE33C2A369}.Release|Any CPU.ActiveCfg = Release|Any CPU
		{AC1AE5DD-F221-4CE0-B3D6-B9CE33C2A369}.Release|Any CPU.Build.0 = Release|Any CPU
		{AAD21DE8-CC27-46B7-A987-54D7A82F370A}.Debug|Any CPU.ActiveCfg = Debug|Any CPU
		{AAD21DE8-CC27-46B7-A987-54D7A82F370A}.Debug|Any CPU.Build.0 = Debug|Any CPU
		{AAD21DE8-CC27-46B7-A987-54D7A82F370A}.Release|Any CPU.ActiveCfg = Release|Any CPU
		{AAD21DE8-CC27-46B7-A987-54D7A82F370A}.Release|Any CPU.Build.0 = Release|Any CPU
		{1013A85C-5418-42B2-81D3-7B426B20C6C8}.Debug|Any CPU.ActiveCfg = Debug|Any CPU
		{1013A85C-5418-42B2-81D3-7B426B20C6C8}.Debug|Any CPU.Build.0 = Debug|Any CPU
		{1013A85C-5418-42B2-81D3-7B426B20C6C8}.Release|Any CPU.ActiveCfg = Release|Any CPU
		{1013A85C-5418-42B2-81D3-7B426B20C6C8}.Release|Any CPU.Build.0 = Release|Any CPU
		{744B9A7A-8021-4D5C-BE77-E931CE459C41}.Debug|Any CPU.ActiveCfg = Debug|Any CPU
		{744B9A7A-8021-4D5C-BE77-E931CE459C41}.Debug|Any CPU.Build.0 = Debug|Any CPU
		{744B9A7A-8021-4D5C-BE77-E931CE459C41}.Release|Any CPU.ActiveCfg = Release|Any CPU
		{744B9A7A-8021-4D5C-BE77-E931CE459C41}.Release|Any CPU.Build.0 = Release|Any CPU
		{A9F2A766-2791-4F83-95DB-835F42A84B86}.Debug|Any CPU.ActiveCfg = Debug|Any CPU
		{A9F2A766-2791-4F83-95DB-835F42A84B86}.Debug|Any CPU.Build.0 = Debug|Any CPU
		{A9F2A766-2791-4F83-95DB-835F42A84B86}.Release|Any CPU.ActiveCfg = Release|Any CPU
		{A9F2A766-2791-4F83-95DB-835F42A84B86}.Release|Any CPU.Build.0 = Release|Any CPU
		{D4803F65-7933-4598-BCEA-263007F06F35}.Debug|Any CPU.ActiveCfg = Debug|Any CPU
		{D4803F65-7933-4598-BCEA-263007F06F35}.Debug|Any CPU.Build.0 = Debug|Any CPU
		{D4803F65-7933-4598-BCEA-263007F06F35}.Release|Any CPU.ActiveCfg = Release|Any CPU
		{D4803F65-7933-4598-BCEA-263007F06F35}.Release|Any CPU.Build.0 = Release|Any CPU
	EndGlobalSection
	GlobalSection(SolutionProperties) = preSolution
		HideSolutionNode = FALSE
	EndGlobalSection
	GlobalSection(NestedProjects) = preSolution
		{6A07C00F-3EFD-49EE-8D96-E2F3F8B2E0B6} = {12B92464-422F-4F5E-BF53-BC91FD02C055}
		{51AD920F-E5F4-4B84-97F9-5DEEC44E6546} = {236DB0F9-FD22-45FD-82E0-413E6CE5F290}
		{FB991EFA-FC4A-4F29-B962-2A51C289B348} = {236DB0F9-FD22-45FD-82E0-413E6CE5F290}
		{4055F7BF-25A4-4A88-B43C-891162B86DA0} = {12B92464-422F-4F5E-BF53-BC91FD02C055}
		{A735F11E-F5FC-4122-933A-1687FBD9D618} = {2A907675-9FF8-48BE-BF48-1B40127F346A}
		{3A9E12C1-261A-4FB1-A9C3-2B03DA02B1D5} = {2A907675-9FF8-48BE-BF48-1B40127F346A}
		{AC1AE5DD-F221-4CE0-B3D6-B9CE33C2A369} = {12B92464-422F-4F5E-BF53-BC91FD02C055}
		{AAD21DE8-CC27-46B7-A987-54D7A82F370A} = {2A907675-9FF8-48BE-BF48-1B40127F346A}
		{1013A85C-5418-42B2-81D3-7B426B20C6C8} = {2A907675-9FF8-48BE-BF48-1B40127F346A}
		{744B9A7A-8021-4D5C-BE77-E931CE459C41} = {2A907675-9FF8-48BE-BF48-1B40127F346A}
		{A9F2A766-2791-4F83-95DB-835F42A84B86} = {0B6F5C94-4516-4CE1-9E7E-A443DC5D9D24}
		{D4803F65-7933-4598-BCEA-263007F06F35} = {0B6F5C94-4516-4CE1-9E7E-A443DC5D9D24}
	EndGlobalSection
	GlobalSection(ExtensibilityGlobals) = postSolution
		SolutionGuid = {73A74D63-D20E-4A28-8D73-720A3933E015}
	EndGlobalSection
EndGlobal
